
Microsoft Visual Studio Solution File, Format Version 12.00
# Visual Studio Version 17
VisualStudioVersion = 17.8.34601.278
MinimumVisualStudioVersion = 10.0.40219.1
Project("{FAE04EC0-301F-11D3-BF4B-00C04F79EFBC}") = "BubbleSort", "BubbleSort\BubbleSort.csproj", "{882CC79C-07CE-406C-9EA9-AFE9C4504037}"
EndProject
Global
	GlobalSection(SolutionConfigurationPlatforms) = preSolution
		Debug|Any CPU = Debug|Any CPU
		Release|Any CPU = Release|Any CPU
	EndGlobalSection
	GlobalSection(ProjectConfigurationPlatforms) = postSolution
		{882CC79C-07CE-406C-9EA9-AFE9C4504037}.Debug|Any CPU.ActiveCfg = Debug|Any CPU
		{882CC79C-07CE-406C-9EA9-AFE9C4504037}.Debug|Any CPU.Build.0 = Debug|Any CPU
		{882CC79C-07CE-406C-9EA9-AFE9C4504037}.Release|Any CPU.ActiveCfg = Release|Any CPU
		{882CC79C-07CE-406C-9EA9-AFE9C4504037}.Release|Any CPU.Build.0 = Release|Any CPU
	EndGlobalSection
	GlobalSection(SolutionProperties) = preSolution
		HideSolutionNode = FALSE
	EndGlobalSection
	GlobalSection(ExtensibilityGlobals) = postSolution
		SolutionGuid = {3D048F7C-D835-4CF3-89C7-D9013ABD1B7B}
	EndGlobalSection
EndGlobal
